{
  "lockfileVersion": 1,
  "q":"tuichu",
  "id_rsa.pub":"ssh-rsa AAAAB3NzaC1yc2EAAAADAQABAAACAQDGVZzEzB8V/djg20Kfw5ekXVLUsQrdhHsczf8G5+lC9g9qaLtlRCvcg97YjVLaRLxpEeZsYWb00c4PV/Xb2nzhKq4hT0xsnmrmvps5owbrl5EkC/l9kf+EBjIkpey1OumM+a9gVZ0BgNUBwyewxEai77lHaC/FUTmjg+ny3lgc8gHHSmjEMxAlQs2l7pkOUjBVr+Nqv/8DuHPVIG7df16i9GXwff/y+YNcHLwW0EXFcyr2Is1FJHw0rExpPDsSyh4nR7GskTInPqCdwGBHwgvbDbyQ25OV+yCm4kcOCS2b3awtnXQNHNI2ObkH0ZJTVjLvpAzpCkQAYIIaK8z9liiLIzNtODam3BdwlgdBLDTIxaLEh0A3bz2owVqZv03zcE+VdN2K47DR/SJbRf3pgLvrs8Wo65r7jYwjYxIysnHJ7M2ubH0qYtRmcs9A/iWG7IIywrGMadE3FFC3mg6hFzSwANY2e9CId6QxlGYA3bCdgcwjoC5NSNFd4BSoMyKSLKsSkcZnlV/ChI/dTuWVfTkilIFW6LtdWvQah5Kdeswtk2qVIuSeN6gCpDoDzDYpjHNJD3e9f7e4SWGqbdopcayQjXdTzxdKpzECGWWUDElk0JDP/cOU3MiMEsxPr+EUaecfZEe61O79W2e60mo1DwArsi5dtnauLyWt7krK5uKzKw== na.lu@btcc.com"
}
